
Microsoft Visual Studio Solution File, Format Version 12.00
# Visual Studio 15
VisualStudioVersion = 15.0.28307.757
MinimumVisualStudioVersion = 10.0.40219.1
Project("{FAE04EC0-301F-11D3-BF4B-00C04F79EFBC}") = "Problems", "Problems\Problems.csproj", "{9355B218-39CD-496F-8A88-8D1B5F6092F3}"
EndProject
Global
	GlobalSection(SolutionConfigurationPlatforms) = preSolution
		Debug|Any CPU = Debug|Any CPU
		Release|Any CPU = Release|Any CPU
	EndGlobalSection
	GlobalSection(ProjectConfigurationPlatforms) = postSolution
		{9355B218-39CD-496F-8A88-8D1B5F6092F3}.Debug|Any CPU.ActiveCfg = Debug|Any CPU
		{9355B218-39CD-496F-8A88-8D1B5F6092F3}.Debug|Any CPU.Build.0 = Debug|Any CPU
		{9355B218-39CD-496F-8A88-8D1B5F6092F3}.Release|Any CPU.ActiveCfg = Release|Any CPU
		{9355B218-39CD-496F-8A88-8D1B5F6092F3}.Release|Any CPU.Build.0 = Release|Any CPU
	EndGlobalSection
	GlobalSection(SolutionProperties) = preSolution
		HideSolutionNode = FALSE
	EndGlobalSection
	GlobalSection(ExtensibilityGlobals) = postSolution
		SolutionGuid = {97B048C4-38C2-45CD-AC58-12D033B5DC8D}
	EndGlobalSection
EndGlobal
